// !$*UTF8*$!
{
	archiveVersion = 1;
	classes = {
	};
	objectVersion = 46;
	objects = {

/* Begin PBXBuildFile section */
		1A7560651CCAF3C600520632 /* CWStatusBarNotification.h in CopyFiles */ = {isa = PBXBuildFile; fileRef = 1A7560641CCAF3C600520632 /* CWStatusBarNotification.h */; };
		1A7560671CCAF3C600520632 /* CWStatusBarNotification.m in Sources */ = {isa = PBXBuildFile; fileRef = 1A7560661CCAF3C600520632 /* CWStatusBarNotification.m */; };
		1A75606E1CCAF58D00520632 /* UIKit.framework in Frameworks */ = {isa = PBXBuildFile; fileRef = 1A75606D1CCAF58D00520632 /* UIKit.framework */; };
/* End PBXBuildFile section */

/* Begin PBXCopyFilesBuildPhase section */
		1A75605F1CCAF3C600520632 /* CopyFiles */ = {
			isa = PBXCopyFilesBuildPhase;
			buildActionMask = 2147483647;
			dstPath = "include/$(PRODUCT_NAME)";
			dstSubfolderSpec = 16;
			files = (
				1A7560651CCAF3C600520632 /* CWStatusBarNotification.h in CopyFiles */,
			);
			runOnlyForDeploymentPostprocessing = 0;
		};
/* End PBXCopyFilesBuildPhase section */

/* Begin PBXFileReference section */
		1A7560611CCAF3C600520632 /* libCWStatusBarNotification.a */ = {isa = PBXFileReference; explicitFileType = archive.ar; includeInIndex = 0; path = libCWStatusBarNotification.a; sourceTree = BUILT_PRODUCTS_DIR; };
		1A7560641CCAF3C600520632 /* CWStatusBarNotification.h */ = {isa = PBXFileReference; lastKnownFileType = sourcecode.c.h; path = CWStatusBarNotification.h; sourceTree = "<group>"; };
		1A7560661CCAF3C600520632 /* CWStatusBarNotification.m */ = {isa = PBXFileReference; lastKnownFileType = sourcecode.c.objc; path = CWStatusBarNotification.m; sourceTree = "<group>"; };
		1A75606D1CCAF58D00520632 /* UIKit.framework */ = {isa = PBXFileReference; lastKnownFileType = wrapper.framework; name = UIKit.framework; path = System/Library/Frameworks/UIKit.framework; sourceTree = SDKROOT; };
/* End PBXFileReference section */

/* Begin PBXFrameworksBuildPhase section */
		1A75605E1CCAF3C600520632 /* Frameworks */ = {
			isa = PBXFrameworksBuildPhase;
			buildActionMask = 2147483647;
			files = (
				1A75606E1CCAF58D00520632 /* UIKit.framework in Frameworks */,
			);
			runOnlyForDeploymentPostprocessing = 0;
		};
/* End PBXFrameworksBuildPhase section */

/* Begin PBXGroup section */
		1A7560581CCAF3C600520632 = {
			isa = PBXGroup;
			children = (
				1A75606D1CCAF58D00520632 /* UIKit.framework */,
				1A7560631CCAF3C600520632 /* CWStatusBarNotification */,
				1A7560621CCAF3C600520632 /* Products */,
			);
			sourceTree = "<group>";
		};
		1A7560621CCAF3C600520632 /* Products */ = {
			isa = PBXGroup;
			children = (
				1A7560611CCAF3C600520632 /* libCWStatusBarNotification.a */,
			);
			name = Products;
			sourceTree = "<group>";
		};
		1A7560631CCAF3C600520632 /* CWStatusBarNotification */ = {
			isa = PBXGroup;
			children = (
				1A7560641CCAF3C600520632 /* CWStatusBarNotification.h */,
				1A7560661CCAF3C600520632 /* CWStatusBarNotification.m */,
			);
			path = CWStatusBarNotification;
			sourceTree = "<group>";
		};
/* End PBXGroup section */

/* Begin PBXNativeTarget section */
		1A7560601CCAF3C600520632 /* CWStatusBarNotification */ = {
			isa = PBXNativeTarget;
			buildConfigurationList = 1A75606A1CCAF3C600520632 /* Build configuration list for PBXNativeTarget "CWStatusBarNotification" */;
			buildPhases = (
				1A75605D1CCAF3C600520632 /* Sources */,
				1A75605E1CCAF3C600520632 /* Frameworks */,
				1A75605F1CCAF3C600520632 /* CopyFiles */,
			);
			buildRules = (
			);
			dependencies = (
			);
			name = CWStatusBarNotification;
			productName = CWStatusBarNotification;
			productReference = 1A7560611CCAF3C600520632 /* libCWStatusBarNotification.a */;
			productType = "com.apple.product-type.library.static";
		};
/* End PBXNativeTarget section */

/* Begin PBXProject section */
		1A7560591CCAF3C600520632 /* Project object */ = {
			isa = PBXProject;
			attributes = {
				LastUpgradeCheck = 0730;
				ORGANIZATIONNAME = Foundbite;
				TargetAttributes = {
					1A7560601CCAF3C600520632 = {
						CreatedOnToolsVersion = 7.3;
					};
				};
			};
			buildConfigurationList = 1A75605C1CCAF3C600520632 /* Build configuration list for PBXProject "CWStatusBarNotification" */;
			compatibilityVersion = "Xcode 3.2";
			developmentRegion = English;
			hasScannedForEncodings = 0;
			knownRegions = (
				en,
			);
			mainGroup = 1A7560581CCAF3C600520632;
			productRefGroup = 1A7560621CCAF3C600520632 /* Products */;
			projectDirPath = "";
			projectRoot = "";
			targets = (
				1A7560601CCAF3C600520632 /* CWStatusBarNotification */,
			);
		};
/* End PBXProject section */

/* Begin PBXSourcesBuildPhase section */
		1A75605D1CCAF3C600520632 /* Sources */ = {
			isa = PBXSourcesBuildPhase;
			buildActionMask = 2147483647;
			files = (
				1A7560671CCAF3C600520632 /* CWStatusBarNotification.m in Sources */,
			);
			runOnlyForDeploymentPostprocessing = 0;
		};
/* End PBXSourcesBuildPhase section */

/* Begin XCBuildConfiguration section */
		1A7560681CCAF3C600520632 /* Debug */ = {
			isa = XCBuildConfiguration;
			buildSettings = {
				ALWAYS_SEARCH_USER_PATHS = NO;
				CLANG_ANALYZER_NONNULL = YES;
				CLANG_CXX_LANGUAGE_STANDARD = "gnu++0x";
				CLANG_CXX_LIBRARY = "libc++";
				CLANG_ENABLE_MODULES = YES;
				CLANG_ENABLE_OBJC_ARC = YES;
				CLANG_WARN_BOOL_CONVERSION = YES;
				CLANG_WARN_CONSTANT_CONVERSION = YES;
				CLANG_WARN_DIRECT_OBJC_ISA_USAGE = YES_ERROR;
				CLANG_WARN_EMPTY_BODY = YES;
				CLANG_WARN_ENUM_CONVERSION = YES;
				CLANG_WARN_INT_CONVERSION = YES;
				CLANG_WARN_OBJC_ROOT_CLASS = YES_ERROR;
				CLANG_WARN_UNREACHABLE_CODE = YES;
				CLANG_WARN__DUPLICATE_METHOD_MATCH = YES;
				"CODE_SIGN_IDENTITY[sdk=iphoneos*]" = "iPhone Developer";
				COPY_PHASE_STRIP = NO;
				DEBUG_INFORMATION_FORMAT = dwarf;
				ENABLE_STRICT_OBJC_MSGSEND = YES;
				ENABLE_TESTABILITY = YES;
				GCC_C_LANGUAGE_STANDARD = gnu99;
				GCC_DYNAMIC_NO_PIC = NO;
				GCC_NO_COMMON_BLOCKS = YES;
				GCC_OPTIMIZATION_LEVEL = 0;
				GCC_PREPROCESSOR_DEFINITIONS = (
					"DEBUG=1",
					"$(inherited)",
				);
				GCC_WARN_64_TO_32_BIT_CONVERSION = YES;
				GCC_WARN_ABOUT_RETURN_TYPE = YES_ERROR;
				GCC_WARN_UNDECLARED_SELECTOR = YES;
				GCC_WARN_UNINITIALIZED_AUTOS = YES_AGGRESSIVE;
				GCC_WARN_UNUSED_FUNCTION = YES;
				GCC_WARN_UNUSED_VARIABLE = YES;
				IPHONEOS_DEPLOYMENT_TARGET = 9.3;
				MTL_ENABLE_DEBUG_INFO = YES;
				ONLY_ACTIVE_ARCH = YES;
				SDKROOT = iphoneos;
			};
			name = Debug;
		};
		1A7560691CCAF3C600520632 /* Release */ = {
			isa = XCBuildConfiguration;
			buildSettings = {
				ALWAYS_SEARCH_USER_PATHS = NO;
				CLANG_ANALYZER_NONNULL = YES;
				CLANG_CXX_LANGUAGE_STANDARD = "gnu++0x";
				CLANG_CXX_LIBRARY = "libc++";
				CLANG_ENABLE_MODULES = YES;
				CLANG_ENABLE_OBJC_ARC = YES;
				CLANG_WARN_BOOL_CONVERSION = YES;
				CLANG_WARN_CONSTANT_CONVERSION = YES;
				CLANG_WARN_DIRECT_OBJC_ISA_USAGE = YES_ERROR;
				CLANG_WARN_EMPTY_BODY = YES;
				CLANG_WARN_ENUM_CONVERSION = YES;
				CLANG_WARN_INT_CONVERSION = YES;
				CLANG_WARN_OBJC_ROOT_CLASS = YES_ERROR;
				CLANG_WARN_UNREACHABLE_CODE = YES;
				CLANG_WARN__DUPLICATE_METHOD_MATCH = YES;
				"CODE_SIGN_IDENTITY[sdk=iphoneos*]" = "iPhone Developer";
				COPY_PHASE_STRIP = NO;
				DEBUG_INFORMATION_FORMAT = "dwarf-with-dsym";
				ENABLE_NS_ASSERTIONS = NO;
				ENABLE_STRICT_OBJC_MSGSEND = YES;
				GCC_C_LANGUAGE_STANDARD = gnu99;
				GCC_NO_COMMON_BLOCKS = YES;
				GCC_WARN_64_TO_32_BIT_CONVERSION = YES;
				GCC_WARN_ABOUT_RETURN_TYPE = YES_ERROR;
				GCC_WARN_UNDECLARED_SELECTOR = YES;
				GCC_WARN_UNINITIALIZED_AUTOS = YES_AGGRESSIVE;
				GCC_WARN_UNUSED_FUNCTION = YES;
				GCC_WARN_UNUSED_VARIABLE = YES;
				IPHONEOS_DEPLOYMENT_TARGET = 9.3;
				MTL_ENABLE_DEBUG_INFO = NO;
				SDKROOT = iphoneos;
				VALIDATE_PRODUCT = YES;
			};
			name = Release;
		};
		1A75606B1CCAF3C600520632 /* Debug */ = {
			isa = XCBuildConfiguration;
			buildSettings = {
				CODE_SIGN_IDENTITY = "iPhone Developer";
				IPHONEOS_DEPLOYMENT_TARGET = 9.0;
				OTHER_LDFLAGS = "-ObjC";
				PRODUCT_NAME = "$(TARGET_NAME)";
				SDKROOT = iphoneos9.0;
				SKIP_INSTALL = YES;
			};
			name = Debug;
		};
		1A75606C1CCAF3C600520632 /* Release */ = {
			isa = XCBuildConfiguration;
			buildSettings = {
				CODE_SIGN_IDENTITY = "iPhone Developer";
				IPHONEOS_DEPLOYMENT_TARGET = 9.0;
				OTHER_LDFLAGS = "-ObjC";
				PRODUCT_NAME = "$(TARGET_NAME)";
				SDKROOT = iphoneos9.0;
				SKIP_INSTALL = YES;
			};
			name = Release;
		};
/* End XCBuildConfiguration section */

/* Begin XCConfigurationList section */
		1A75605C1CCAF3C600520632 /* Build configuration list for PBXProject "CWStatusBarNotification" */ = {
			isa = XCConfigurationList;
			buildConfigurations = (
				1A7560681CCAF3C600520632 /* Debug */,
				1A7560691CCAF3C600520632 /* Release */,
			);
			defaultConfigurationIsVisible = 0;
			defaultConfigurationName = Release;
		};
		1A75606A1CCAF3C600520632 /* Build configuration list for PBXNativeTarget "CWStatusBarNotification" */ = {
			isa = XCConfigurationList;
			buildConfigurations = (
				1A75606B1CCAF3C600520632 /* Debug */,
				1A75606C1CCAF3C600520632 /* Release */,
			);
			defaultConfigurationIsVisible = 0;
			defaultConfigurationName = Release;
		};
/* End XCConfigurationList section */
	};
	rootObject = 1A7560591CCAF3C600520632 /* Project object */;
}
